
Microsoft Visual Studio Solution File, Format Version 12.00
# Visual Studio 15
VisualStudioVersion = 15.0.27428.2005
MinimumVisualStudioVersion = 10.0.40219.1
Project("{FAE04EC0-301F-11D3-BF4B-00C04F79EFBC}") = "StreetRacing.Client", "StreetRacing.Client\StreetRacing.Client.csproj", "{723B3964-A176-4A67-AE3D-1E7C289FCA2E}"
EndProject
Project("{FAE04EC0-301F-11D3-BF4B-00C04F79EFBC}") = "StreetRacing.Server", "StreetRacing.Server\StreetRacing.Server.csproj", "{17C2BE88-96DF-4074-B3BE-FBFB356C00D0}"
EndProject
Global
	GlobalSection(SolutionConfigurationPlatforms) = preSolution
		Debug|Any CPU = Debug|Any CPU
		Release|Any CPU = Release|Any CPU
	EndGlobalSection
	GlobalSection(ProjectConfigurationPlatforms) = postSolution
		{723B3964-A176-4A67-AE3D-1E7C289FCA2E}.Debug|Any CPU.ActiveCfg = Debug|Any CPU
		{723B3964-A176-4A67-AE3D-1E7C289FCA2E}.Debug|Any CPU.Build.0 = Debug|Any CPU
		{723B3964-A176-4A67-AE3D-1E7C289FCA2E}.Release|Any CPU.ActiveCfg = Release|Any CPU
		{723B3964-A176-4A67-AE3D-1E7C289FCA2E}.Release|Any CPU.Build.0 = Release|Any CPU
		{17C2BE88-96DF-4074-B3BE-FBFB356C00D0}.Debug|Any CPU.ActiveCfg = Debug|Any CPU
		{17C2BE88-96DF-4074-B3BE-FBFB356C00D0}.Debug|Any CPU.Build.0 = Debug|Any CPU
		{17C2BE88-96DF-4074-B3BE-FBFB356C00D0}.Release|Any CPU.ActiveCfg = Release|Any CPU
		{17C2BE88-96DF-4074-B3BE-FBFB356C00D0}.Release|Any CPU.Build.0 = Release|Any CPU
	EndGlobalSection
	GlobalSection(SolutionProperties) = preSolution
		HideSolutionNode = FALSE
	EndGlobalSection
	GlobalSection(ExtensibilityGlobals) = postSolution
		SolutionGuid = {0D120476-BBFB-4E6A-9167-24A05931524D}
	EndGlobalSection
EndGlobal
